
Microsoft Visual Studio Solution File, Format Version 12.00
# Visual Studio Version 16
VisualStudioVersion = 16.0.32228.343
MinimumVisualStudioVersion = 10.0.40219.1
Project("{888888A0-9F3D-457C-B088-3A5042F75D52}") = "ISE Assignment Program", "ISE Assignment Program.pyproj", "{7F6F20FB-3255-4310-A1CD-EC8415CE54F9}"
EndProject
Global
	GlobalSection(SolutionConfigurationPlatforms) = preSolution
		Debug|Any CPU = Debug|Any CPU
		Release|Any CPU = Release|Any CPU
	EndGlobalSection
	GlobalSection(ProjectConfigurationPlatforms) = postSolution
		{7F6F20FB-3255-4310-A1CD-EC8415CE54F9}.Debug|Any CPU.ActiveCfg = Debug|Any CPU
		{7F6F20FB-3255-4310-A1CD-EC8415CE54F9}.Release|Any CPU.ActiveCfg = Release|Any CPU
	EndGlobalSection
	GlobalSection(SolutionProperties) = preSolution
		HideSolutionNode = FALSE
	EndGlobalSection
	GlobalSection(ExtensibilityGlobals) = postSolution
		SolutionGuid = {F0470EED-25DA-4FC4-9C19-3D6A3F232128}
	EndGlobalSection
EndGlobal
